
Microsoft Visual Studio Solution File, Format Version 12.00
# Visual Studio Version 17
VisualStudioVersion = 17.2.32526.322
MinimumVisualStudioVersion = 10.0.40219.1
Project("{FAE04EC0-301F-11D3-BF4B-00C04F79EFBC}") = "QuanLyQuanAn", "QuanLyQuanAn\QuanLyQuanAn.csproj", "{445FED04-BFF0-41C9-B158-E7C0D776E559}"
EndProject
Global
	GlobalSection(SolutionConfigurationPlatforms) = preSolution
		Debug|Any CPU = Debug|Any CPU
		Release|Any CPU = Release|Any CPU
	EndGlobalSection
	GlobalSection(ProjectConfigurationPlatforms) = postSolution
		{445FED04-BFF0-41C9-B158-E7C0D776E559}.Debug|Any CPU.ActiveCfg = Debug|Any CPU
		{445FED04-BFF0-41C9-B158-E7C0D776E559}.Debug|Any CPU.Build.0 = Debug|Any CPU
		{445FED04-BFF0-41C9-B158-E7C0D776E559}.Release|Any CPU.ActiveCfg = Release|Any CPU
		{445FED04-BFF0-41C9-B158-E7C0D776E559}.Release|Any CPU.Build.0 = Release|Any CPU
	EndGlobalSection
	GlobalSection(SolutionProperties) = preSolution
		HideSolutionNode = FALSE
	EndGlobalSection
	GlobalSection(ExtensibilityGlobals) = postSolution
		SolutionGuid = {ABE917DF-B75E-431C-8BA7-4BC1C6607127}
	EndGlobalSection
EndGlobal
